
Microsoft Visual Studio Solution File, Format Version 12.00
# Visual Studio Version 17
VisualStudioVersion = 17.10.35027.167
MinimumVisualStudioVersion = 10.0.40219.1
Project("{FAE04EC0-301F-11D3-BF4B-00C04F79EFBC}") = "RegistroV2", "RegistroV2.csproj", "{504411B3-A1F4-4C59-AF7D-93FCA83F2A9E}"
EndProject
Global
	GlobalSection(SolutionConfigurationPlatforms) = preSolution
		Debug|Any CPU = Debug|Any CPU
		Release|Any CPU = Release|Any CPU
	EndGlobalSection
	GlobalSection(ProjectConfigurationPlatforms) = postSolution
		{504411B3-A1F4-4C59-AF7D-93FCA83F2A9E}.Debug|Any CPU.ActiveCfg = Debug|Any CPU
		{504411B3-A1F4-4C59-AF7D-93FCA83F2A9E}.Debug|Any CPU.Build.0 = Debug|Any CPU
		{504411B3-A1F4-4C59-AF7D-93FCA83F2A9E}.Release|Any CPU.ActiveCfg = Release|Any CPU
		{504411B3-A1F4-4C59-AF7D-93FCA83F2A9E}.Release|Any CPU.Build.0 = Release|Any CPU
	EndGlobalSection
	GlobalSection(SolutionProperties) = preSolution
		HideSolutionNode = FALSE
	EndGlobalSection
	GlobalSection(ExtensibilityGlobals) = postSolution
		SolutionGuid = {8EA87B18-5D71-407E-BA68-DF1EEEE9711C}
	EndGlobalSection
EndGlobal
